// !$*UTF8*$!
{
	archiveVersion = 1;
	classes = {
	};
	objectVersion = 56;
	objects = {

/* Begin PBXBuildFile section */
		DE9408582B6D387900E6B60C /* AppDelegate.swift in Sources */ = {isa = PBXBuildFile; fileRef = DE9408572B6D387900E6B60C /* AppDelegate.swift */; };
		DE94085A2B6D387900E6B60C /* SceneDelegate.swift in Sources */ = {isa = PBXBuildFile; fileRef = DE9408592B6D387900E6B60C /* SceneDelegate.swift */; };
		DE94085C2B6D387900E6B60C /* FileManagerController.swift in Sources */ = {isa = PBXBuildFile; fileRef = DE94085B2B6D387900E6B60C /* FileManagerController.swift */; };
		DE9408612B6D387B00E6B60C /* Assets.xcassets in Resources */ = {isa = PBXBuildFile; fileRef = DE9408602B6D387B00E6B60C /* Assets.xcassets */; };
		DE9408642B6D387B00E6B60C /* LaunchScreen.storyboard in Resources */ = {isa = PBXBuildFile; fileRef = DE9408622B6D387B00E6B60C /* LaunchScreen.storyboard */; };
		DE9408922B6D53B100E6B60C /* FileService.swift in Sources */ = {isa = PBXBuildFile; fileRef = DE9408912B6D53B100E6B60C /* FileService.swift */; };
		DE9408942B6D756A00E6B60C /* Extension.swift in Sources */ = {isa = PBXBuildFile; fileRef = DE9408932B6D756A00E6B60C /* Extension.swift */; };
		DE9BF5232B713BF7004F2D1C /* LogInViewController.swift in Sources */ = {isa = PBXBuildFile; fileRef = DE9BF5222B713BF7004F2D1C /* LogInViewController.swift */; };
		DE9BF5252B713C5F004F2D1C /* SettingsViewController.swift in Sources */ = {isa = PBXBuildFile; fileRef = DE9BF5242B713C5F004F2D1C /* SettingsViewController.swift */; };
		DEBF06722B7BF15600234832 /* KeychainSwift in Frameworks */ = {isa = PBXBuildFile; productRef = DEBF06712B7BF15600234832 /* KeychainSwift */; };
		DEBF06742B7BF17D00234832 /* KeychainSwift in Frameworks */ = {isa = PBXBuildFile; productRef = DEBF06732B7BF17D00234832 /* KeychainSwift */; };
		DEBF06762B7BF1CD00234832 /* PasswordViewController.swift in Sources */ = {isa = PBXBuildFile; fileRef = DEBF06752B7BF1CD00234832 /* PasswordViewController.swift */; };
		DEBF06782B7BF22D00234832 /* TabBarController.swift in Sources */ = {isa = PBXBuildFile; fileRef = DEBF06772B7BF22D00234832 /* TabBarController.swift */; };
/* End PBXBuildFile section */

/* Begin PBXFileReference section */
		DE9408542B6D387900E6B60C /* FileManager.app */ = {isa = PBXFileReference; explicitFileType = wrapper.application; includeInIndex = 0; path = FileManager.app; sourceTree = BUILT_PRODUCTS_DIR; };
		DE9408572B6D387900E6B60C /* AppDelegate.swift */ = {isa = PBXFileReference; lastKnownFileType = sourcecode.swift; path = AppDelegate.swift; sourceTree = "<group>"; };
		DE9408592B6D387900E6B60C /* SceneDelegate.swift */ = {isa = PBXFileReference; lastKnownFileType = sourcecode.swift; path = SceneDelegate.swift; sourceTree = "<group>"; };
		DE94085B2B6D387900E6B60C /* FileManagerController.swift */ = {isa = PBXFileReference; lastKnownFileType = sourcecode.swift; path = FileManagerController.swift; sourceTree = "<group>"; };
		DE9408602B6D387B00E6B60C /* Assets.xcassets */ = {isa = PBXFileReference; lastKnownFileType = folder.assetcatalog; path = Assets.xcassets; sourceTree = "<group>"; };
		DE9408632B6D387B00E6B60C /* Base */ = {isa = PBXFileReference; lastKnownFileType = file.storyboard; name = Base; path = Base.lproj/LaunchScreen.storyboard; sourceTree = "<group>"; };
		DE9408652B6D387B00E6B60C /* Info.plist */ = {isa = PBXFileReference; lastKnownFileType = text.plist.xml; path = Info.plist; sourceTree = "<group>"; };
		DE9408912B6D53B100E6B60C /* FileService.swift */ = {isa = PBXFileReference; lastKnownFileType = sourcecode.swift; path = FileService.swift; sourceTree = "<group>"; };
		DE9408932B6D756A00E6B60C /* Extension.swift */ = {isa = PBXFileReference; lastKnownFileType = sourcecode.swift; path = Extension.swift; sourceTree = "<group>"; };
		DE9BF5222B713BF7004F2D1C /* LogInViewController.swift */ = {isa = PBXFileReference; lastKnownFileType = sourcecode.swift; path = LogInViewController.swift; sourceTree = "<group>"; };
		DE9BF5242B713C5F004F2D1C /* SettingsViewController.swift */ = {isa = PBXFileReference; lastKnownFileType = sourcecode.swift; path = SettingsViewController.swift; sourceTree = "<group>"; };
		DEBF06752B7BF1CD00234832 /* PasswordViewController.swift */ = {isa = PBXFileReference; lastKnownFileType = sourcecode.swift; path = PasswordViewController.swift; sourceTree = "<group>"; };
		DEBF06772B7BF22D00234832 /* TabBarController.swift */ = {isa = PBXFileReference; lastKnownFileType = sourcecode.swift; path = TabBarController.swift; sourceTree = "<group>"; };
/* End PBXFileReference section */

/* Begin PBXFrameworksBuildPhase section */
		DE9408512B6D387900E6B60C /* Frameworks */ = {
			isa = PBXFrameworksBuildPhase;
			buildActionMask = 2147483647;
			files = (
				DEBF06742B7BF17D00234832 /* KeychainSwift in Frameworks */,
				DEBF06722B7BF15600234832 /* KeychainSwift in Frameworks */,
			);
			runOnlyForDeploymentPostprocessing = 0;
		};
/* End PBXFrameworksBuildPhase section */

/* Begin PBXGroup section */
		DE94084B2B6D387900E6B60C = {
			isa = PBXGroup;
			children = (
				DE9408562B6D387900E6B60C /* FileManager */,
				DE9408552B6D387900E6B60C /* Products */,
			);
			sourceTree = "<group>";
		};
		DE9408552B6D387900E6B60C /* Products */ = {
			isa = PBXGroup;
			children = (
				DE9408542B6D387900E6B60C /* FileManager.app */,
			);
			name = Products;
			sourceTree = "<group>";
		};
		DE9408562B6D387900E6B60C /* FileManager */ = {
			isa = PBXGroup;
			children = (
				DE9408572B6D387900E6B60C /* AppDelegate.swift */,
				DE9408592B6D387900E6B60C /* SceneDelegate.swift */,
				DE94085B2B6D387900E6B60C /* FileManagerController.swift */,
				DE9408912B6D53B100E6B60C /* FileService.swift */,
				DE9408932B6D756A00E6B60C /* Extension.swift */,
				DE9408602B6D387B00E6B60C /* Assets.xcassets */,
				DE9408622B6D387B00E6B60C /* LaunchScreen.storyboard */,
				DE9408652B6D387B00E6B60C /* Info.plist */,
				DE9BF5222B713BF7004F2D1C /* LogInViewController.swift */,
				DE9BF5242B713C5F004F2D1C /* SettingsViewController.swift */,
				DEBF06752B7BF1CD00234832 /* PasswordViewController.swift */,
				DEBF06772B7BF22D00234832 /* TabBarController.swift */,
			);
			path = FileManager;
			sourceTree = "<group>";
		};
/* End PBXGroup section */

/* Begin PBXNativeTarget section */
		DE9408532B6D387900E6B60C /* FileManager */ = {
			isa = PBXNativeTarget;
			buildConfigurationList = DE9408682B6D387B00E6B60C /* Build configuration list for PBXNativeTarget "FileManager" */;
			buildPhases = (
				DE9408502B6D387900E6B60C /* Sources */,
				DE9408512B6D387900E6B60C /* Frameworks */,
				DE9408522B6D387900E6B60C /* Resources */,
			);
			buildRules = (
			);
			dependencies = (
			);
			name = FileManager;
			packageProductDependencies = (
				DEBF06712B7BF15600234832 /* KeychainSwift */,
				DEBF06732B7BF17D00234832 /* KeychainSwift */,
			);
			productName = FileManager;
			productReference = DE9408542B6D387900E6B60C /* FileManager.app */;
			productType = "com.apple.product-type.application";
		};
/* End PBXNativeTarget section */

/* Begin PBXProject section */
		DE94084C2B6D387900E6B60C /* Project object */ = {
			isa = PBXProject;
			attributes = {
				BuildIndependentTargetsInParallel = 1;
				LastSwiftUpdateCheck = 1520;
				LastUpgradeCheck = 1520;
				TargetAttributes = {
					DE9408532B6D387900E6B60C = {
						CreatedOnToolsVersion = 15.2;
					};
				};
			};
			buildConfigurationList = DE94084F2B6D387900E6B60C /* Build configuration list for PBXProject "FileManager" */;
			compatibilityVersion = "Xcode 14.0";
			developmentRegion = en;
			hasScannedForEncodings = 0;
			knownRegions = (
				en,
				Base,
			);
			mainGroup = DE94084B2B6D387900E6B60C;
			packageReferences = (
				DEBF06702B7BF15600234832 /* XCRemoteSwiftPackageReference "keychain-swift" */,
			);
			productRefGroup = DE9408552B6D387900E6B60C /* Products */;
			projectDirPath = "";
			projectRoot = "";
			targets = (
				DE9408532B6D387900E6B60C /* FileManager */,
			);
		};
/* End PBXProject section */

/* Begin PBXResourcesBuildPhase section */
		DE9408522B6D387900E6B60C /* Resources */ = {
			isa = PBXResourcesBuildPhase;
			buildActionMask = 2147483647;
			files = (
				DE9408642B6D387B00E6B60C /* LaunchScreen.storyboard in Resources */,
				DE9408612B6D387B00E6B60C /* Assets.xcassets in Resources */,
			);
			runOnlyForDeploymentPostprocessing = 0;
		};
/* End PBXResourcesBuildPhase section */

/* Begin PBXSourcesBuildPhase section */
		DE9408502B6D387900E6B60C /* Sources */ = {
			isa = PBXSourcesBuildPhase;
			buildActionMask = 2147483647;
			files = (
				DE9408942B6D756A00E6B60C /* Extension.swift in Sources */,
				DEBF06762B7BF1CD00234832 /* PasswordViewController.swift in Sources */,
				DE9BF5232B713BF7004F2D1C /* LogInViewController.swift in Sources */,
				DEBF06782B7BF22D00234832 /* TabBarController.swift in Sources */,
				DE94085C2B6D387900E6B60C /* FileManagerController.swift in Sources */,
				DE9BF5252B713C5F004F2D1C /* SettingsViewController.swift in Sources */,
				DE9408582B6D387900E6B60C /* AppDelegate.swift in Sources */,
				DE94085A2B6D387900E6B60C /* SceneDelegate.swift in Sources */,
				DE9408922B6D53B100E6B60C /* FileService.swift in Sources */,
			);
			runOnlyForDeploymentPostprocessing = 0;
		};
/* End PBXSourcesBuildPhase section */

/* Begin PBXVariantGroup section */
		DE9408622B6D387B00E6B60C /* LaunchScreen.storyboard */ = {
			isa = PBXVariantGroup;
			children = (
				DE9408632B6D387B00E6B60C /* Base */,
			);
			name = LaunchScreen.storyboard;
			sourceTree = "<group>";
		};
/* End PBXVariantGroup section */

/* Begin XCBuildConfiguration section */
		DE9408662B6D387B00E6B60C /* Debug */ = {
			isa = XCBuildConfiguration;
			buildSettings = {
				ALWAYS_SEARCH_USER_PATHS = NO;
				ASSETCATALOG_COMPILER_GENERATE_SWIFT_ASSET_SYMBOL_EXTENSIONS = YES;
				CLANG_ANALYZER_NONNULL = YES;
				CLANG_ANALYZER_NUMBER_OBJECT_CONVERSION = YES_AGGRESSIVE;
				CLANG_CXX_LANGUAGE_STANDARD = "gnu++20";
				CLANG_ENABLE_MODULES = YES;
				CLANG_ENABLE_OBJC_ARC = YES;
				CLANG_ENABLE_OBJC_WEAK = YES;
				CLANG_WARN_BLOCK_CAPTURE_AUTORELEASING = YES;
				CLANG_WARN_BOOL_CONVERSION = YES;
				CLANG_WARN_COMMA = YES;
				CLANG_WARN_CONSTANT_CONVERSION = YES;
				CLANG_WARN_DEPRECATED_OBJC_IMPLEMENTATIONS = YES;
				CLANG_WARN_DIRECT_OBJC_ISA_USAGE = YES_ERROR;
				CLANG_WARN_DOCUMENTATION_COMMENTS = YES;
				CLANG_WARN_EMPTY_BODY = YES;
				CLANG_WARN_ENUM_CONVERSION = YES;
				CLANG_WARN_INFINITE_RECURSION = YES;
				CLANG_WARN_INT_CONVERSION = YES;
				CLANG_WARN_NON_LITERAL_NULL_CONVERSION = YES;
				CLANG_WARN_OBJC_IMPLICIT_RETAIN_SELF = YES;
				CLANG_WARN_OBJC_LITERAL_CONVERSION = YES;
				CLANG_WARN_OBJC_ROOT_CLASS = YES_ERROR;
				CLANG_WARN_QUOTED_INCLUDE_IN_FRAMEWORK_HEADER = YES;
				CLANG_WARN_RANGE_LOOP_ANALYSIS = YES;
				CLANG_WARN_STRICT_PROTOTYPES = YES;
				CLANG_WARN_SUSPICIOUS_MOVE = YES;
				CLANG_WARN_UNGUARDED_AVAILABILITY = YES_AGGRESSIVE;
				CLANG_WARN_UNREACHABLE_CODE = YES;
				CLANG_WARN__DUPLICATE_METHOD_MATCH = YES;
				COPY_PHASE_STRIP = NO;
				DEBUG_INFORMATION_FORMAT = dwarf;
				ENABLE_STRICT_OBJC_MSGSEND = YES;
				ENABLE_TESTABILITY = YES;
				ENABLE_USER_SCRIPT_SANDBOXING = YES;
				GCC_C_LANGUAGE_STANDARD = gnu17;
				GCC_DYNAMIC_NO_PIC = NO;
				GCC_NO_COMMON_BLOCKS = YES;
				GCC_OPTIMIZATION_LEVEL = 0;
				GCC_PREPROCESSOR_DEFINITIONS = (
					"DEBUG=1",
					"$(inherited)",
				);
				GCC_WARN_64_TO_32_BIT_CONVERSION = YES;
				GCC_WARN_ABOUT_RETURN_TYPE = YES_ERROR;
				GCC_WARN_UNDECLARED_SELECTOR = YES;
				GCC_WARN_UNINITIALIZED_AUTOS = YES_AGGRESSIVE;
				GCC_WARN_UNUSED_FUNCTION = YES;
				GCC_WARN_UNUSED_VARIABLE = YES;
				IPHONEOS_DEPLOYMENT_TARGET = 17.2;
				LOCALIZATION_PREFERS_STRING_CATALOGS = YES;
				MTL_ENABLE_DEBUG_INFO = INCLUDE_SOURCE;
				MTL_FAST_MATH = YES;
				ONLY_ACTIVE_ARCH = YES;
				SDKROOT = iphoneos;
				SWIFT_ACTIVE_COMPILATION_CONDITIONS = "DEBUG $(inherited)";
				SWIFT_OPTIMIZATION_LEVEL = "-Onone";
			};
			name = Debug;
		};
		DE9408672B6D387B00E6B60C /* Release */ = {
			isa = XCBuildConfiguration;
			buildSettings = {
				ALWAYS_SEARCH_USER_PATHS = NO;
				ASSETCATALOG_COMPILER_GENERATE_SWIFT_ASSET_SYMBOL_EXTENSIONS = YES;
				CLANG_ANALYZER_NONNULL = YES;
				CLANG_ANALYZER_NUMBER_OBJECT_CONVERSION = YES_AGGRESSIVE;
				CLANG_CXX_LANGUAGE_STANDARD = "gnu++20";
				CLANG_ENABLE_MODULES = YES;
				CLANG_ENABLE_OBJC_ARC = YES;
				CLANG_ENABLE_OBJC_WEAK = YES;
				CLANG_WARN_BLOCK_CAPTURE_AUTORELEASING = YES;
				CLANG_WARN_BOOL_CONVERSION = YES;
				CLANG_WARN_COMMA = YES;
				CLANG_WARN_CONSTANT_CONVERSION = YES;
				CLANG_WARN_DEPRECATED_OBJC_IMPLEMENTATIONS = YES;
				CLANG_WARN_DIRECT_OBJC_ISA_USAGE = YES_ERROR;
				CLANG_WARN_DOCUMENTATION_COMMENTS = YES;
				CLANG_WARN_EMPTY_BODY = YES;
				CLANG_WARN_ENUM_CONVERSION = YES;
				CLANG_WARN_INFINITE_RECURSION = YES;
				CLANG_WARN_INT_CONVERSION = YES;
				CLANG_WARN_NON_LITERAL_NULL_CONVERSION = YES;
				CLANG_WARN_OBJC_IMPLICIT_RETAIN_SELF = YES;
				CLANG_WARN_OBJC_LITERAL_CONVERSION = YES;
				CLANG_WARN_OBJC_ROOT_CLASS = YES_ERROR;
				CLANG_WARN_QUOTED_INCLUDE_IN_FRAMEWORK_HEADER = YES;
				CLANG_WARN_RANGE_LOOP_ANALYSIS = YES;
				CLANG_WARN_STRICT_PROTOTYPES = YES;
				CLANG_WARN_SUSPICIOUS_MOVE = YES;
				CLANG_WARN_UNGUARDED_AVAILABILITY = YES_AGGRESSIVE;
				CLANG_WARN_UNREACHABLE_CODE = YES;
				CLANG_WARN__DUPLICATE_METHOD_MATCH = YES;
				COPY_PHASE_STRIP = NO;
				DEBUG_INFORMATION_FORMAT = "dwarf-with-dsym";
				ENABLE_NS_ASSERTIONS = NO;
				ENABLE_STRICT_OBJC_MSGSEND = YES;
				ENABLE_USER_SCRIPT_SANDBOXING = YES;
				GCC_C_LANGUAGE_STANDARD = gnu17;
				GCC_NO_COMMON_BLOCKS = YES;
				GCC_WARN_64_TO_32_BIT_CONVERSION = YES;
				GCC_WARN_ABOUT_RETURN_TYPE = YES_ERROR;
				GCC_WARN_UNDECLARED_SELECTOR = YES;
				GCC_WARN_UNINITIALIZED_AUTOS = YES_AGGRESSIVE;
				GCC_WARN_UNUSED_FUNCTION = YES;
				GCC_WARN_UNUSED_VARIABLE = YES;
				IPHONEOS_DEPLOYMENT_TARGET = 17.2;
				LOCALIZATION_PREFERS_STRING_CATALOGS = YES;
				MTL_ENABLE_DEBUG_INFO = NO;
				MTL_FAST_MATH = YES;
				SDKROOT = iphoneos;
				SWIFT_COMPILATION_MODE = wholemodule;
				VALIDATE_PRODUCT = YES;
			};
			name = Release;
		};
		DE9408692B6D387B00E6B60C /* Debug */ = {
			isa = XCBuildConfiguration;
			buildSettings = {
				ASSETCATALOG_COMPILER_APPICON_NAME = AppIcon;
				ASSETCATALOG_COMPILER_GLOBAL_ACCENT_COLOR_NAME = AccentColor;
				CODE_SIGN_STYLE = Automatic;
				CURRENT_PROJECT_VERSION = 1;
				GENERATE_INFOPLIST_FILE = YES;
				INFOPLIST_FILE = FileManager/Info.plist;
				INFOPLIST_KEY_UIApplicationSupportsIndirectInputEvents = YES;
				INFOPLIST_KEY_UILaunchStoryboardName = LaunchScreen;
				INFOPLIST_KEY_UISupportedInterfaceOrientations_iPad = "UIInterfaceOrientationPortrait UIInterfaceOrientationPortraitUpsideDown UIInterfaceOrientationLandscapeLeft UIInterfaceOrientationLandscapeRight";
				INFOPLIST_KEY_UISupportedInterfaceOrientations_iPhone = "UIInterfaceOrientationPortrait UIInterfaceOrientationLandscapeLeft UIInterfaceOrientationLandscapeRight";
				LD_RUNPATH_SEARCH_PATHS = (
					"$(inherited)",
					"@executable_path/Frameworks",
				);
				MARKETING_VERSION = 1.0;
				PRODUCT_BUNDLE_IDENTIFIER = net.netlanc.ios.FileManager;
				PRODUCT_NAME = "$(TARGET_NAME)";
				SWIFT_EMIT_LOC_STRINGS = YES;
				SWIFT_VERSION = 5.0;
				TARGETED_DEVICE_FAMILY = "1,2";
			};
			name = Debug;
		};
		DE94086A2B6D387B00E6B60C /* Release */ = {
			isa = XCBuildConfiguration;
			buildSettings = {
				ASSETCATALOG_COMPILER_APPICON_NAME = AppIcon;
				ASSETCATALOG_COMPILER_GLOBAL_ACCENT_COLOR_NAME = AccentColor;
				CODE_SIGN_STYLE = Automatic;
				CURRENT_PROJECT_VERSION = 1;
				GENERATE_INFOPLIST_FILE = YES;
				INFOPLIST_FILE = FileManager/Info.plist;
				INFOPLIST_KEY_UIApplicationSupportsIndirectInputEvents = YES;
				INFOPLIST_KEY_UILaunchStoryboardName = LaunchScreen;
				INFOPLIST_KEY_UISupportedInterfaceOrientations_iPad = "UIInterfaceOrientationPortrait UIInterfaceOrientationPortraitUpsideDown UIInterfaceOrientationLandscapeLeft UIInterfaceOrientationLandscapeRight";
				INFOPLIST_KEY_UISupportedInterfaceOrientations_iPhone = "UIInterfaceOrientationPortrait UIInterfaceOrientationLandscapeLeft UIInterfaceOrientationLandscapeRight";
				LD_RUNPATH_SEARCH_PATHS = (
					"$(inherited)",
					"@executable_path/Frameworks",
				);
				MARKETING_VERSION = 1.0;
				PRODUCT_BUNDLE_IDENTIFIER = net.netlanc.ios.FileManager;
				PRODUCT_NAME = "$(TARGET_NAME)";
				SWIFT_EMIT_LOC_STRINGS = YES;
				SWIFT_VERSION = 5.0;
				TARGETED_DEVICE_FAMILY = "1,2";
			};
			name = Release;
		};
/* End XCBuildConfiguration section */

/* Begin XCConfigurationList section */
		DE94084F2B6D387900E6B60C /* Build configuration list for PBXProject "FileManager" */ = {
			isa = XCConfigurationList;
			buildConfigurations = (
				DE9408662B6D387B00E6B60C /* Debug */,
				DE9408672B6D387B00E6B60C /* Release */,
			);
			defaultConfigurationIsVisible = 0;
			defaultConfigurationName = Release;
		};
		DE9408682B6D387B00E6B60C /* Build configuration list for PBXNativeTarget "FileManager" */ = {
			isa = XCConfigurationList;
			buildConfigurations = (
				DE9408692B6D387B00E6B60C /* Debug */,
				DE94086A2B6D387B00E6B60C /* Release */,
			);
			defaultConfigurationIsVisible = 0;
			defaultConfigurationName = Release;
		};
/* End XCConfigurationList section */

/* Begin XCRemoteSwiftPackageReference section */
		DEBF06702B7BF15600234832 /* XCRemoteSwiftPackageReference "keychain-swift" */ = {
			isa = XCRemoteSwiftPackageReference;
			repositoryURL = "https://github.com/evgenyneu/keychain-swift";
			requirement = {
				kind = upToNextMajorVersion;
				minimumVersion = 21.0.0;
			};
		};
/* End XCRemoteSwiftPackageReference section */

/* Begin XCSwiftPackageProductDependency section */
		DEBF06712B7BF15600234832 /* KeychainSwift */ = {
			isa = XCSwiftPackageProductDependency;
			package = DEBF06702B7BF15600234832 /* XCRemoteSwiftPackageReference "keychain-swift" */;
			productName = KeychainSwift;
		};
		DEBF06732B7BF17D00234832 /* KeychainSwift */ = {
			isa = XCSwiftPackageProductDependency;
			package = DEBF06702B7BF15600234832 /* XCRemoteSwiftPackageReference "keychain-swift" */;
			productName = KeychainSwift;
		};
/* End XCSwiftPackageProductDependency section */
	};
	rootObject = DE94084C2B6D387900E6B60C /* Project object */;
}
